
Microsoft Visual Studio Solution File, Format Version 12.00
# Visual Studio Version 16
VisualStudioVersion = 16.0.31105.61
MinimumVisualStudioVersion = 10.0.40219.1
Project("{FAE04EC0-301F-11D3-BF4B-00C04F79EFBC}") = "Senai.Peoples.WebApi", "Senai.Peoples.WebApi\Senai.Peoples.WebApi.csproj", "{3F9E0497-05D1-4A02-BCAD-A4CBB2567FF3}"
EndProject
Global
	GlobalSection(SolutionConfigurationPlatforms) = preSolution
		Debug|Any CPU = Debug|Any CPU
		Release|Any CPU = Release|Any CPU
	EndGlobalSection
	GlobalSection(ProjectConfigurationPlatforms) = postSolution
		{3F9E0497-05D1-4A02-BCAD-A4CBB2567FF3}.Debug|Any CPU.ActiveCfg = Debug|Any CPU
		{3F9E0497-05D1-4A02-BCAD-A4CBB2567FF3}.Debug|Any CPU.Build.0 = Debug|Any CPU
		{3F9E0497-05D1-4A02-BCAD-A4CBB2567FF3}.Release|Any CPU.ActiveCfg = Release|Any CPU
		{3F9E0497-05D1-4A02-BCAD-A4CBB2567FF3}.Release|Any CPU.Build.0 = Release|Any CPU
	EndGlobalSection
	GlobalSection(SolutionProperties) = preSolution
		HideSolutionNode = FALSE
	EndGlobalSection
	GlobalSection(ExtensibilityGlobals) = postSolution
		SolutionGuid = {4EFDF934-7FBB-46DF-97A3-AC1527BA9A66}
	EndGlobalSection
EndGlobal
